
Microsoft Visual Studio Solution File, Format Version 12.00
# Visual Studio 2012
Project("{FAE04EC0-301F-11D3-BF4B-00C04F79EFBC}") = "EconFeed.Droid", "Droid\EconFeed.Droid.csproj", "{E399EC66-97EB-4855-8DEF-337B489ACD28}"
EndProject
Project("{FAE04EC0-301F-11D3-BF4B-00C04F79EFBC}") = "EconFeed.iOS", "iOS\EconFeed.iOS.csproj", "{80DCF5FA-E963-47F3-B168-480C08B4B2EE}"
EndProject
Project("{D954291E-2A0B-460D-934E-DC6B0785DB48}") = "EconFeed", "EconFeed\EconFeed.shproj", "{025DE895-C7A9-4986-B76B-554EE015AA2F}"
EndProject
Global
	GlobalSection(SolutionConfigurationPlatforms) = preSolution
		Debug|Any CPU = Debug|Any CPU
		Release|Any CPU = Release|Any CPU
		Debug|iPhoneSimulator = Debug|iPhoneSimulator
		Release|iPhone = Release|iPhone
		Release|iPhoneSimulator = Release|iPhoneSimulator
		Debug|iPhone = Debug|iPhone
	EndGlobalSection
	GlobalSection(ProjectConfigurationPlatforms) = postSolution
		{E399EC66-97EB-4855-8DEF-337B489ACD28}.Debug|Any CPU.ActiveCfg = Debug|Any CPU
		{E399EC66-97EB-4855-8DEF-337B489ACD28}.Debug|Any CPU.Build.0 = Debug|Any CPU
		{E399EC66-97EB-4855-8DEF-337B489ACD28}.Release|Any CPU.ActiveCfg = Release|Any CPU
		{E399EC66-97EB-4855-8DEF-337B489ACD28}.Release|Any CPU.Build.0 = Release|Any CPU
		{E399EC66-97EB-4855-8DEF-337B489ACD28}.Debug|iPhoneSimulator.ActiveCfg = Debug|Any CPU
		{E399EC66-97EB-4855-8DEF-337B489ACD28}.Debug|iPhoneSimulator.Build.0 = Debug|Any CPU
		{E399EC66-97EB-4855-8DEF-337B489ACD28}.Release|iPhone.ActiveCfg = Release|Any CPU
		{E399EC66-97EB-4855-8DEF-337B489ACD28}.Release|iPhone.Build.0 = Release|Any CPU
		{E399EC66-97EB-4855-8DEF-337B489ACD28}.Release|iPhoneSimulator.ActiveCfg = Release|Any CPU
		{E399EC66-97EB-4855-8DEF-337B489ACD28}.Release|iPhoneSimulator.Build.0 = Release|Any CPU
		{E399EC66-97EB-4855-8DEF-337B489ACD28}.Debug|iPhone.ActiveCfg = Debug|Any CPU
		{E399EC66-97EB-4855-8DEF-337B489ACD28}.Debug|iPhone.Build.0 = Debug|Any CPU
		{80DCF5FA-E963-47F3-B168-480C08B4B2EE}.Debug|Any CPU.ActiveCfg = Debug|iPhoneSimulator
		{80DCF5FA-E963-47F3-B168-480C08B4B2EE}.Debug|Any CPU.Build.0 = Debug|iPhoneSimulator
		{80DCF5FA-E963-47F3-B168-480C08B4B2EE}.Release|Any CPU.ActiveCfg = Release|iPhone
		{80DCF5FA-E963-47F3-B168-480C08B4B2EE}.Release|Any CPU.Build.0 = Release|iPhone
		{80DCF5FA-E963-47F3-B168-480C08B4B2EE}.Debug|iPhoneSimulator.ActiveCfg = Debug|iPhoneSimulator
		{80DCF5FA-E963-47F3-B168-480C08B4B2EE}.Debug|iPhoneSimulator.Build.0 = Debug|iPhoneSimulator
		{80DCF5FA-E963-47F3-B168-480C08B4B2EE}.Release|iPhone.ActiveCfg = Release|iPhone
		{80DCF5FA-E963-47F3-B168-480C08B4B2EE}.Release|iPhone.Build.0 = Release|iPhone
		{80DCF5FA-E963-47F3-B168-480C08B4B2EE}.Release|iPhoneSimulator.ActiveCfg = Release|iPhoneSimulator
		{80DCF5FA-E963-47F3-B168-480C08B4B2EE}.Release|iPhoneSimulator.Build.0 = Release|iPhoneSimulator
		{80DCF5FA-E963-47F3-B168-480C08B4B2EE}.Debug|iPhone.ActiveCfg = Debug|iPhone
		{80DCF5FA-E963-47F3-B168-480C08B4B2EE}.Debug|iPhone.Build.0 = Debug|iPhone
	EndGlobalSection
EndGlobal
