
Microsoft Visual Studio Solution File, Format Version 12.00
# Visual Studio 2012
Project("{FAE04EC0-301F-11D3-BF4B-00C04F79EFBC}") = "CurrencyConverter.Droid", "Droid\CurrencyConverter.Droid.csproj", "{96C7F862-FDD2-4665-96DF-B34753EF0642}"
EndProject
Project("{FAE04EC0-301F-11D3-BF4B-00C04F79EFBC}") = "CurrencyConverter.iOS", "iOS\CurrencyConverter.iOS.csproj", "{23E2FCC8-8215-4E74-BE5F-86BE3B485F3A}"
EndProject
Project("{D954291E-2A0B-460D-934E-DC6B0785DB48}") = "CurrencyConverter", "CurrencyConverter\CurrencyConverter.shproj", "{404725B4-64E4-4751-AD6C-6DA75F1A3149}"
EndProject
Global
	GlobalSection(SolutionConfigurationPlatforms) = preSolution
		Debug|Any CPU = Debug|Any CPU
		Release|Any CPU = Release|Any CPU
		Debug|iPhoneSimulator = Debug|iPhoneSimulator
		Release|iPhone = Release|iPhone
		Release|iPhoneSimulator = Release|iPhoneSimulator
		Debug|iPhone = Debug|iPhone
	EndGlobalSection
	GlobalSection(ProjectConfigurationPlatforms) = postSolution
		{96C7F862-FDD2-4665-96DF-B34753EF0642}.Debug|Any CPU.ActiveCfg = Debug|Any CPU
		{96C7F862-FDD2-4665-96DF-B34753EF0642}.Debug|Any CPU.Build.0 = Debug|Any CPU
		{96C7F862-FDD2-4665-96DF-B34753EF0642}.Release|Any CPU.ActiveCfg = Release|Any CPU
		{96C7F862-FDD2-4665-96DF-B34753EF0642}.Release|Any CPU.Build.0 = Release|Any CPU
		{96C7F862-FDD2-4665-96DF-B34753EF0642}.Debug|iPhoneSimulator.ActiveCfg = Debug|Any CPU
		{96C7F862-FDD2-4665-96DF-B34753EF0642}.Debug|iPhoneSimulator.Build.0 = Debug|Any CPU
		{96C7F862-FDD2-4665-96DF-B34753EF0642}.Release|iPhone.ActiveCfg = Release|Any CPU
		{96C7F862-FDD2-4665-96DF-B34753EF0642}.Release|iPhone.Build.0 = Release|Any CPU
		{96C7F862-FDD2-4665-96DF-B34753EF0642}.Release|iPhoneSimulator.ActiveCfg = Release|Any CPU
		{96C7F862-FDD2-4665-96DF-B34753EF0642}.Release|iPhoneSimulator.Build.0 = Release|Any CPU
		{96C7F862-FDD2-4665-96DF-B34753EF0642}.Debug|iPhone.ActiveCfg = Debug|Any CPU
		{96C7F862-FDD2-4665-96DF-B34753EF0642}.Debug|iPhone.Build.0 = Debug|Any CPU
		{23E2FCC8-8215-4E74-BE5F-86BE3B485F3A}.Debug|Any CPU.ActiveCfg = Debug|iPhoneSimulator
		{23E2FCC8-8215-4E74-BE5F-86BE3B485F3A}.Debug|Any CPU.Build.0 = Debug|iPhoneSimulator
		{23E2FCC8-8215-4E74-BE5F-86BE3B485F3A}.Release|Any CPU.ActiveCfg = Release|iPhone
		{23E2FCC8-8215-4E74-BE5F-86BE3B485F3A}.Release|Any CPU.Build.0 = Release|iPhone
		{23E2FCC8-8215-4E74-BE5F-86BE3B485F3A}.Debug|iPhoneSimulator.ActiveCfg = Debug|iPhoneSimulator
		{23E2FCC8-8215-4E74-BE5F-86BE3B485F3A}.Debug|iPhoneSimulator.Build.0 = Debug|iPhoneSimulator
		{23E2FCC8-8215-4E74-BE5F-86BE3B485F3A}.Release|iPhone.ActiveCfg = Release|iPhone
		{23E2FCC8-8215-4E74-BE5F-86BE3B485F3A}.Release|iPhone.Build.0 = Release|iPhone
		{23E2FCC8-8215-4E74-BE5F-86BE3B485F3A}.Release|iPhoneSimulator.ActiveCfg = Release|iPhoneSimulator
		{23E2FCC8-8215-4E74-BE5F-86BE3B485F3A}.Release|iPhoneSimulator.Build.0 = Release|iPhoneSimulator
		{23E2FCC8-8215-4E74-BE5F-86BE3B485F3A}.Debug|iPhone.ActiveCfg = Debug|iPhone
		{23E2FCC8-8215-4E74-BE5F-86BE3B485F3A}.Debug|iPhone.Build.0 = Debug|iPhone
	EndGlobalSection
EndGlobal
