
Microsoft Visual Studio Solution File, Format Version 12.00
# Visual Studio 2012
Project("{D954291E-2A0B-460D-934E-DC6B0785DB48}") = "EconRestTest", "EconRestTest\EconRestTest.shproj", "{2FCFE473-FB77-437A-AC38-74247EAA57A2}"
EndProject
Project("{FAE04EC0-301F-11D3-BF4B-00C04F79EFBC}") = "EconRestTest.Droid", "Droid\EconRestTest.Droid.csproj", "{FF61C2C6-3384-4DE6-B2DE-DB8188D8D55C}"
EndProject
Project("{FAE04EC0-301F-11D3-BF4B-00C04F79EFBC}") = "EconRestTest.iOS", "iOS\EconRestTest.iOS.csproj", "{A6C890E2-A8DF-4900-895D-B8D32891B26D}"
EndProject
Global
	GlobalSection(SolutionConfigurationPlatforms) = preSolution
		Debug|Any CPU = Debug|Any CPU
		Release|Any CPU = Release|Any CPU
		Debug|iPhoneSimulator = Debug|iPhoneSimulator
		Release|iPhone = Release|iPhone
		Release|iPhoneSimulator = Release|iPhoneSimulator
		Debug|iPhone = Debug|iPhone
	EndGlobalSection
	GlobalSection(ProjectConfigurationPlatforms) = postSolution
		{FF61C2C6-3384-4DE6-B2DE-DB8188D8D55C}.Debug|Any CPU.ActiveCfg = Debug|Any CPU
		{FF61C2C6-3384-4DE6-B2DE-DB8188D8D55C}.Debug|Any CPU.Build.0 = Debug|Any CPU
		{FF61C2C6-3384-4DE6-B2DE-DB8188D8D55C}.Release|Any CPU.ActiveCfg = Release|Any CPU
		{FF61C2C6-3384-4DE6-B2DE-DB8188D8D55C}.Release|Any CPU.Build.0 = Release|Any CPU
		{FF61C2C6-3384-4DE6-B2DE-DB8188D8D55C}.Debug|iPhoneSimulator.ActiveCfg = Debug|Any CPU
		{FF61C2C6-3384-4DE6-B2DE-DB8188D8D55C}.Debug|iPhoneSimulator.Build.0 = Debug|Any CPU
		{FF61C2C6-3384-4DE6-B2DE-DB8188D8D55C}.Release|iPhone.ActiveCfg = Release|Any CPU
		{FF61C2C6-3384-4DE6-B2DE-DB8188D8D55C}.Release|iPhone.Build.0 = Release|Any CPU
		{FF61C2C6-3384-4DE6-B2DE-DB8188D8D55C}.Release|iPhoneSimulator.ActiveCfg = Release|Any CPU
		{FF61C2C6-3384-4DE6-B2DE-DB8188D8D55C}.Release|iPhoneSimulator.Build.0 = Release|Any CPU
		{FF61C2C6-3384-4DE6-B2DE-DB8188D8D55C}.Debug|iPhone.ActiveCfg = Debug|Any CPU
		{FF61C2C6-3384-4DE6-B2DE-DB8188D8D55C}.Debug|iPhone.Build.0 = Debug|Any CPU
		{A6C890E2-A8DF-4900-895D-B8D32891B26D}.Debug|Any CPU.ActiveCfg = Debug|iPhoneSimulator
		{A6C890E2-A8DF-4900-895D-B8D32891B26D}.Debug|Any CPU.Build.0 = Debug|iPhoneSimulator
		{A6C890E2-A8DF-4900-895D-B8D32891B26D}.Release|Any CPU.ActiveCfg = Release|iPhone
		{A6C890E2-A8DF-4900-895D-B8D32891B26D}.Release|Any CPU.Build.0 = Release|iPhone
		{A6C890E2-A8DF-4900-895D-B8D32891B26D}.Debug|iPhoneSimulator.ActiveCfg = Debug|iPhoneSimulator
		{A6C890E2-A8DF-4900-895D-B8D32891B26D}.Debug|iPhoneSimulator.Build.0 = Debug|iPhoneSimulator
		{A6C890E2-A8DF-4900-895D-B8D32891B26D}.Release|iPhone.ActiveCfg = Release|iPhone
		{A6C890E2-A8DF-4900-895D-B8D32891B26D}.Release|iPhone.Build.0 = Release|iPhone
		{A6C890E2-A8DF-4900-895D-B8D32891B26D}.Release|iPhoneSimulator.ActiveCfg = Release|iPhoneSimulator
		{A6C890E2-A8DF-4900-895D-B8D32891B26D}.Release|iPhoneSimulator.Build.0 = Release|iPhoneSimulator
		{A6C890E2-A8DF-4900-895D-B8D32891B26D}.Debug|iPhone.ActiveCfg = Debug|iPhone
		{A6C890E2-A8DF-4900-895D-B8D32891B26D}.Debug|iPhone.Build.0 = Debug|iPhone
	EndGlobalSection
EndGlobal
