
Microsoft Visual Studio Solution File, Format Version 12.00
# Visual Studio 2012
Project("{FAE04EC0-301F-11D3-BF4B-00C04F79EFBC}") = "MagnetFinder.Droid", "Droid\MagnetFinder.Droid.csproj", "{340C3C40-4A7A-4D0E-82DA-BD52E139284A}"
EndProject
Project("{FAE04EC0-301F-11D3-BF4B-00C04F79EFBC}") = "MagnetFinder.iOS", "iOS\MagnetFinder.iOS.csproj", "{9D9B7708-9BEA-4156-85DD-7CFCEC5CDDD8}"
EndProject
Project("{D954291E-2A0B-460D-934E-DC6B0785DB48}") = "MagnetFinder", "MagnetFinder\MagnetFinder.shproj", "{FA7B1A59-C146-46B3-A8C7-8F05EEC0158F}"
EndProject
Global
	GlobalSection(SolutionConfigurationPlatforms) = preSolution
		Debug|Any CPU = Debug|Any CPU
		Release|Any CPU = Release|Any CPU
		Debug|iPhoneSimulator = Debug|iPhoneSimulator
		Release|iPhone = Release|iPhone
		Release|iPhoneSimulator = Release|iPhoneSimulator
		Debug|iPhone = Debug|iPhone
	EndGlobalSection
	GlobalSection(ProjectConfigurationPlatforms) = postSolution
		{340C3C40-4A7A-4D0E-82DA-BD52E139284A}.Debug|Any CPU.ActiveCfg = Debug|Any CPU
		{340C3C40-4A7A-4D0E-82DA-BD52E139284A}.Debug|Any CPU.Build.0 = Debug|Any CPU
		{340C3C40-4A7A-4D0E-82DA-BD52E139284A}.Release|Any CPU.ActiveCfg = Release|Any CPU
		{340C3C40-4A7A-4D0E-82DA-BD52E139284A}.Release|Any CPU.Build.0 = Release|Any CPU
		{340C3C40-4A7A-4D0E-82DA-BD52E139284A}.Debug|iPhoneSimulator.ActiveCfg = Debug|Any CPU
		{340C3C40-4A7A-4D0E-82DA-BD52E139284A}.Debug|iPhoneSimulator.Build.0 = Debug|Any CPU
		{340C3C40-4A7A-4D0E-82DA-BD52E139284A}.Release|iPhone.ActiveCfg = Release|Any CPU
		{340C3C40-4A7A-4D0E-82DA-BD52E139284A}.Release|iPhone.Build.0 = Release|Any CPU
		{340C3C40-4A7A-4D0E-82DA-BD52E139284A}.Release|iPhoneSimulator.ActiveCfg = Release|Any CPU
		{340C3C40-4A7A-4D0E-82DA-BD52E139284A}.Release|iPhoneSimulator.Build.0 = Release|Any CPU
		{340C3C40-4A7A-4D0E-82DA-BD52E139284A}.Debug|iPhone.ActiveCfg = Debug|Any CPU
		{340C3C40-4A7A-4D0E-82DA-BD52E139284A}.Debug|iPhone.Build.0 = Debug|Any CPU
		{9D9B7708-9BEA-4156-85DD-7CFCEC5CDDD8}.Debug|Any CPU.ActiveCfg = Debug|iPhoneSimulator
		{9D9B7708-9BEA-4156-85DD-7CFCEC5CDDD8}.Debug|Any CPU.Build.0 = Debug|iPhoneSimulator
		{9D9B7708-9BEA-4156-85DD-7CFCEC5CDDD8}.Release|Any CPU.ActiveCfg = Release|iPhone
		{9D9B7708-9BEA-4156-85DD-7CFCEC5CDDD8}.Release|Any CPU.Build.0 = Release|iPhone
		{9D9B7708-9BEA-4156-85DD-7CFCEC5CDDD8}.Debug|iPhoneSimulator.ActiveCfg = Debug|iPhoneSimulator
		{9D9B7708-9BEA-4156-85DD-7CFCEC5CDDD8}.Debug|iPhoneSimulator.Build.0 = Debug|iPhoneSimulator
		{9D9B7708-9BEA-4156-85DD-7CFCEC5CDDD8}.Release|iPhone.ActiveCfg = Release|iPhone
		{9D9B7708-9BEA-4156-85DD-7CFCEC5CDDD8}.Release|iPhone.Build.0 = Release|iPhone
		{9D9B7708-9BEA-4156-85DD-7CFCEC5CDDD8}.Release|iPhoneSimulator.ActiveCfg = Release|iPhoneSimulator
		{9D9B7708-9BEA-4156-85DD-7CFCEC5CDDD8}.Release|iPhoneSimulator.Build.0 = Release|iPhoneSimulator
		{9D9B7708-9BEA-4156-85DD-7CFCEC5CDDD8}.Debug|iPhone.ActiveCfg = Debug|iPhone
		{9D9B7708-9BEA-4156-85DD-7CFCEC5CDDD8}.Debug|iPhone.Build.0 = Debug|iPhone
	EndGlobalSection
EndGlobal
